
Microsoft Visual Studio Solution File, Format Version 12.00
# Visual Studio Version 17
VisualStudioVersion = 17.5.33424.131
MinimumVisualStudioVersion = 10.0.40219.1
Project("{FAE04EC0-301F-11D3-BF4B-00C04F79EFBC}") = "QuizApp", "QuizApp\QuizApp.csproj", "{F3BDA2DA-4904-42A2-A09D-7C4E661B8203}"
EndProject
Global
	GlobalSection(SolutionConfigurationPlatforms) = preSolution
		Debug|Any CPU = Debug|Any CPU
		Release|Any CPU = Release|Any CPU
	EndGlobalSection
	GlobalSection(ProjectConfigurationPlatforms) = postSolution
		{F3BDA2DA-4904-42A2-A09D-7C4E661B8203}.Debug|Any CPU.ActiveCfg = Debug|Any CPU
		{F3BDA2DA-4904-42A2-A09D-7C4E661B8203}.Debug|Any CPU.Build.0 = Debug|Any CPU
		{F3BDA2DA-4904-42A2-A09D-7C4E661B8203}.Release|Any CPU.ActiveCfg = Release|Any CPU
		{F3BDA2DA-4904-42A2-A09D-7C4E661B8203}.Release|Any CPU.Build.0 = Release|Any CPU
	EndGlobalSection
	GlobalSection(SolutionProperties) = preSolution
		HideSolutionNode = FALSE
	EndGlobalSection
	GlobalSection(ExtensibilityGlobals) = postSolution
		SolutionGuid = {E7962E73-EA50-4187-BA22-3A9788E71C9A}
	EndGlobalSection
EndGlobal
